
Microsoft Visual Studio Solution File, Format Version 12.00
# Visual Studio Version 17
VisualStudioVersion = 17.4.33110.190
MinimumVisualStudioVersion = 10.0.40219.1
Project("{FAE04EC0-301F-11D3-BF4B-00C04F79EFBC}") = "OutboxPattern", "OutboxPattern\OutboxPattern.csproj", "{6DB7442E-BFC6-4C2A-A9D0-1F53492A0085}"
EndProject
Project("{FAE04EC0-301F-11D3-BF4B-00C04F79EFBC}") = "Data", "Data\Data.csproj", "{8C468629-B524-4CC4-8356-B0C1B68497B4}"
EndProject
Project("{FAE04EC0-301F-11D3-BF4B-00C04F79EFBC}") = "Info", "Info\Info.csproj", "{1126218E-D739-4B4A-A299-B24625ADD518}"
EndProject
Project("{FAE04EC0-301F-11D3-BF4B-00C04F79EFBC}") = "App", "App\App.csproj", "{7EC5DEC5-2292-4233-B643-88FBC1C6D729}"
EndProject
Global
	GlobalSection(SolutionConfigurationPlatforms) = preSolution
		Debug|Any CPU = Debug|Any CPU
		Release|Any CPU = Release|Any CPU
	EndGlobalSection
	GlobalSection(ProjectConfigurationPlatforms) = postSolution
		{6DB7442E-BFC6-4C2A-A9D0-1F53492A0085}.Debug|Any CPU.ActiveCfg = Debug|Any CPU
		{6DB7442E-BFC6-4C2A-A9D0-1F53492A0085}.Debug|Any CPU.Build.0 = Debug|Any CPU
		{6DB7442E-BFC6-4C2A-A9D0-1F53492A0085}.Release|Any CPU.ActiveCfg = Release|Any CPU
		{6DB7442E-BFC6-4C2A-A9D0-1F53492A0085}.Release|Any CPU.Build.0 = Release|Any CPU
		{8C468629-B524-4CC4-8356-B0C1B68497B4}.Debug|Any CPU.ActiveCfg = Debug|Any CPU
		{8C468629-B524-4CC4-8356-B0C1B68497B4}.Debug|Any CPU.Build.0 = Debug|Any CPU
		{8C468629-B524-4CC4-8356-B0C1B68497B4}.Release|Any CPU.ActiveCfg = Release|Any CPU
		{8C468629-B524-4CC4-8356-B0C1B68497B4}.Release|Any CPU.Build.0 = Release|Any CPU
		{1126218E-D739-4B4A-A299-B24625ADD518}.Debug|Any CPU.ActiveCfg = Debug|Any CPU
		{1126218E-D739-4B4A-A299-B24625ADD518}.Debug|Any CPU.Build.0 = Debug|Any CPU
		{1126218E-D739-4B4A-A299-B24625ADD518}.Release|Any CPU.ActiveCfg = Release|Any CPU
		{1126218E-D739-4B4A-A299-B24625ADD518}.Release|Any CPU.Build.0 = Release|Any CPU
		{7EC5DEC5-2292-4233-B643-88FBC1C6D729}.Debug|Any CPU.ActiveCfg = Debug|Any CPU
		{7EC5DEC5-2292-4233-B643-88FBC1C6D729}.Debug|Any CPU.Build.0 = Debug|Any CPU
		{7EC5DEC5-2292-4233-B643-88FBC1C6D729}.Release|Any CPU.ActiveCfg = Release|Any CPU
		{7EC5DEC5-2292-4233-B643-88FBC1C6D729}.Release|Any CPU.Build.0 = Release|Any CPU
	EndGlobalSection
	GlobalSection(SolutionProperties) = preSolution
		HideSolutionNode = FALSE
	EndGlobalSection
	GlobalSection(ExtensibilityGlobals) = postSolution
		SolutionGuid = {3A58AC0A-0F15-4FF2-9C52-BC49EEC4C1B7}
	EndGlobalSection
EndGlobal
